
Microsoft Visual Studio Solution File, Format Version 12.00
# Visual Studio 15
VisualStudioVersion = 15.0.27703.2026
MinimumVisualStudioVersion = 10.0.40219.1
Project("{2150E333-8FDC-42A3-9474-1A3956D46DE8}") = "CF.Data", "CF.Data", "{58E81E4A-9413-4239-8947-9D0923D0F59F}"
EndProject
Project("{FAE04EC0-301F-11D3-BF4B-00C04F79EFBC}") = "CF.Data.Infrastructure", "DeviceSystem.Data.Infrastructure\CF.Data.Infrastructure.csproj", "{4E61D3AF-EEC8-4BE5-ABD1-A886F2E80F6E}"
EndProject
Project("{2150E333-8FDC-42A3-9474-1A3956D46DE8}") = "CF", "CF", "{F02AD4C7-0A65-4DA6-A010-5DE9297AD91C}"
EndProject
Project("{2150E333-8FDC-42A3-9474-1A3956D46DE8}") = "APP", "APP", "{BFDF9182-BFDE-40E5-8C46-C675219E8855}"
EndProject
Project("{2150E333-8FDC-42A3-9474-1A3956D46DE8}") = "APP.Data", "APP.Data", "{0A1DFA59-9A39-47AB-B765-17FC3F5B61BE}"
EndProject
Project("{FAE04EC0-301F-11D3-BF4B-00C04F79EFBC}") = "APP.Data.Infrastructure", "App.Data.Infrastructure\APP.Data.Infrastructure.csproj", "{94143719-BB9C-4073-BF19-DC7D3563BE4D}"
EndProject
Project("{FAE04EC0-301F-11D3-BF4B-00C04F79EFBC}") = "APP.Data.Entity", "APP.Data.Entity\APP.Data.Entity.csproj", "{ACA3F34C-7445-4901-A764-39A44D43019D}"
EndProject
Project("{2150E333-8FDC-42A3-9474-1A3956D46DE8}") = "APP.Data.Repository", "APP.Data.Repository", "{6227C585-6F88-4E9A-ABBD-C2EA349DB699}"
EndProject
Project("{FAE04EC0-301F-11D3-BF4B-00C04F79EFBC}") = "APP.Data.Repository.Manager", "APP.Data.Repository.Manager\APP.Data.Repository.Manager.csproj", "{22AF99AD-EA4E-414D-B7F4-049BA2B3B334}"
EndProject
Project("{2150E333-8FDC-42A3-9474-1A3956D46DE8}") = "APP.Data.Repository.Derived", "APP.Data.Repository.Derived", "{54C9A1C1-A907-4426-B12D-7206C1BD2722}"
EndProject
Project("{FAE04EC0-301F-11D3-BF4B-00C04F79EFBC}") = "APP.Data.Repository.Derived.EFRepository", "APP.Data.Repository.Derived.EFRepository\APP.Data.Repository.Derived.EFRepository.csproj", "{0D4B78A9-3230-493E-982F-AE01F3865D58}"
EndProject
Project("{FAE04EC0-301F-11D3-BF4B-00C04F79EFBC}") = "APP.TestConsole", "APP.TestConsole\APP.TestConsole.csproj", "{0EC9D822-EB67-4D51-B4B6-C90F106DEBE6}"
EndProject
Global
	GlobalSection(SolutionConfigurationPlatforms) = preSolution
		Debug|Any CPU = Debug|Any CPU
		Release|Any CPU = Release|Any CPU
	EndGlobalSection
	GlobalSection(ProjectConfigurationPlatforms) = postSolution
		{4E61D3AF-EEC8-4BE5-ABD1-A886F2E80F6E}.Debug|Any CPU.ActiveCfg = Debug|Any CPU
		{4E61D3AF-EEC8-4BE5-ABD1-A886F2E80F6E}.Debug|Any CPU.Build.0 = Debug|Any CPU
		{4E61D3AF-EEC8-4BE5-ABD1-A886F2E80F6E}.Release|Any CPU.ActiveCfg = Release|Any CPU
		{4E61D3AF-EEC8-4BE5-ABD1-A886F2E80F6E}.Release|Any CPU.Build.0 = Release|Any CPU
		{94143719-BB9C-4073-BF19-DC7D3563BE4D}.Debug|Any CPU.ActiveCfg = Debug|Any CPU
		{94143719-BB9C-4073-BF19-DC7D3563BE4D}.Debug|Any CPU.Build.0 = Debug|Any CPU
		{94143719-BB9C-4073-BF19-DC7D3563BE4D}.Release|Any CPU.ActiveCfg = Release|Any CPU
		{94143719-BB9C-4073-BF19-DC7D3563BE4D}.Release|Any CPU.Build.0 = Release|Any CPU
		{ACA3F34C-7445-4901-A764-39A44D43019D}.Debug|Any CPU.ActiveCfg = Debug|Any CPU
		{ACA3F34C-7445-4901-A764-39A44D43019D}.Debug|Any CPU.Build.0 = Debug|Any CPU
		{ACA3F34C-7445-4901-A764-39A44D43019D}.Release|Any CPU.ActiveCfg = Release|Any CPU
		{ACA3F34C-7445-4901-A764-39A44D43019D}.Release|Any CPU.Build.0 = Release|Any CPU
		{22AF99AD-EA4E-414D-B7F4-049BA2B3B334}.Debug|Any CPU.ActiveCfg = Debug|Any CPU
		{22AF99AD-EA4E-414D-B7F4-049BA2B3B334}.Debug|Any CPU.Build.0 = Debug|Any CPU
		{22AF99AD-EA4E-414D-B7F4-049BA2B3B334}.Release|Any CPU.ActiveCfg = Release|Any CPU
		{22AF99AD-EA4E-414D-B7F4-049BA2B3B334}.Release|Any CPU.Build.0 = Release|Any CPU
		{0D4B78A9-3230-493E-982F-AE01F3865D58}.Debug|Any CPU.ActiveCfg = Debug|Any CPU
		{0D4B78A9-3230-493E-982F-AE01F3865D58}.Debug|Any CPU.Build.0 = Debug|Any CPU
		{0D4B78A9-3230-493E-982F-AE01F3865D58}.Release|Any CPU.ActiveCfg = Release|Any CPU
		{0D4B78A9-3230-493E-982F-AE01F3865D58}.Release|Any CPU.Build.0 = Release|Any CPU
		{0EC9D822-EB67-4D51-B4B6-C90F106DEBE6}.Debug|Any CPU.ActiveCfg = Debug|Any CPU
		{0EC9D822-EB67-4D51-B4B6-C90F106DEBE6}.Debug|Any CPU.Build.0 = Debug|Any CPU
		{0EC9D822-EB67-4D51-B4B6-C90F106DEBE6}.Release|Any CPU.ActiveCfg = Release|Any CPU
		{0EC9D822-EB67-4D51-B4B6-C90F106DEBE6}.Release|Any CPU.Build.0 = Release|Any CPU
	EndGlobalSection
	GlobalSection(SolutionProperties) = preSolution
		HideSolutionNode = FALSE
	EndGlobalSection
	GlobalSection(NestedProjects) = preSolution
		{58E81E4A-9413-4239-8947-9D0923D0F59F} = {F02AD4C7-0A65-4DA6-A010-5DE9297AD91C}
		{4E61D3AF-EEC8-4BE5-ABD1-A886F2E80F6E} = {58E81E4A-9413-4239-8947-9D0923D0F59F}
		{0A1DFA59-9A39-47AB-B765-17FC3F5B61BE} = {BFDF9182-BFDE-40E5-8C46-C675219E8855}
		{94143719-BB9C-4073-BF19-DC7D3563BE4D} = {0A1DFA59-9A39-47AB-B765-17FC3F5B61BE}
		{ACA3F34C-7445-4901-A764-39A44D43019D} = {0A1DFA59-9A39-47AB-B765-17FC3F5B61BE}
		{6227C585-6F88-4E9A-ABBD-C2EA349DB699} = {0A1DFA59-9A39-47AB-B765-17FC3F5B61BE}
		{22AF99AD-EA4E-414D-B7F4-049BA2B3B334} = {6227C585-6F88-4E9A-ABBD-C2EA349DB699}
		{54C9A1C1-A907-4426-B12D-7206C1BD2722} = {6227C585-6F88-4E9A-ABBD-C2EA349DB699}
		{0D4B78A9-3230-493E-982F-AE01F3865D58} = {54C9A1C1-A907-4426-B12D-7206C1BD2722}
		{0EC9D822-EB67-4D51-B4B6-C90F106DEBE6} = {BFDF9182-BFDE-40E5-8C46-C675219E8855}
	EndGlobalSection
	GlobalSection(ExtensibilityGlobals) = postSolution
		SolutionGuid = {A6B35421-143C-4DCE-9849-756703DBADE4}
	EndGlobalSection
EndGlobal
