
Microsoft Visual Studio Solution File, Format Version 12.00
# Visual Studio 15
VisualStudioVersion = 15.0.27703.2026
MinimumVisualStudioVersion = 10.0.40219.1
Project("{2150E333-8FDC-42A3-9474-1A3956D46DE8}") = "CF.Data", "CF.Data", "{58E81E4A-9413-4239-8947-9D0923D0F59F}"
EndProject
Project("{FAE04EC0-301F-11D3-BF4B-00C04F79EFBC}") = "CF.Data.Infrastructure", "DeviceSystem.Data.Infrastructure\CF.Data.Infrastructure.csproj", "{4E61D3AF-EEC8-4BE5-ABD1-A886F2E80F6E}"
EndProject
Project("{2150E333-8FDC-42A3-9474-1A3956D46DE8}") = "CF", "CF", "{F02AD4C7-0A65-4DA6-A010-5DE9297AD91C}"
EndProject
Project("{2150E333-8FDC-42A3-9474-1A3956D46DE8}") = "APP", "APP", "{BFDF9182-BFDE-40E5-8C46-C675219E8855}"
EndProject
Project("{2150E333-8FDC-42A3-9474-1A3956D46DE8}") = "APP.Data", "APP.Data", "{0A1DFA59-9A39-47AB-B765-17FC3F5B61BE}"
EndProject
Project("{FAE04EC0-301F-11D3-BF4B-00C04F79EFBC}") = "APP.Data.Infrastructure", "App.Data.Infrastructure\APP.Data.Infrastructure.csproj", "{94143719-BB9C-4073-BF19-DC7D3563BE4D}"
EndProject
Project("{FAE04EC0-301F-11D3-BF4B-00C04F79EFBC}") = "APP.Data.Entity", "APP.Data.Entity\APP.Data.Entity.csproj", "{ACA3F34C-7445-4901-A764-39A44D43019D}"
EndProject
Project("{2150E333-8FDC-42A3-9474-1A3956D46DE8}") = "APP.Data.Repository", "APP.Data.Repository", "{6227C585-6F88-4E9A-ABBD-C2EA349DB699}"
EndProject
Project("{FAE04EC0-301F-11D3-BF4B-00C04F79EFBC}") = "APP.Data.Repository.Manager", "APP.Data.Repository.Manager\APP.Data.Repository.Manager.csproj", "{22AF99AD-EA4E-414D-B7F4-049BA2B3B334}"
EndProject
Project("{2150E333-8FDC-42A3-9474-1A3956D46DE8}") = "APP.Data.Repository.Derived", "APP.Data.Repository.Derived", "{54C9A1C1-A907-4426-B12D-7206C1BD2722}"
EndProject
Project("{FAE04EC0-301F-11D3-BF4B-00C04F79EFBC}") = "APP.Data.Repository.Derived.EFRepository", "APP.Data.Repository.Derived.EFRepository\APP.Data.Repository.Derived.EFRepository.csproj", "{0D4B78A9-3230-493E-982F-AE01F3865D58}"
EndProject
Project("{FAE04EC0-301F-11D3-BF4B-00C04F79EFBC}") = "APP.TestConsole", "APP.TestConsole\APP.TestConsole.csproj", "{0EC9D822-EB67-4D51-B4B6-C90F106DEBE6}"
EndProject
Project("{2150E333-8FDC-42A3-9474-1A3956D46DE8}") = "APP.Business", "APP.Business", "{22B217E8-04C3-4915-A8D3-50726426B499}"
EndProject
Project("{FAE04EC0-301F-11D3-BF4B-00C04F79EFBC}") = "APP.Business.BusinessManager", "APP.Business.BusinessManager\APP.Business.BusinessManager.csproj", "{FFA98C24-FB9D-4410-8665-B429F1E973D8}"
EndProject
Project("{2150E333-8FDC-42A3-9474-1A3956D46DE8}") = "APP.Business.Operation", "APP.Business.Operation", "{CA96CE11-5BEB-435E-9702-45DC85122F3F}"
EndProject
Project("{FAE04EC0-301F-11D3-BF4B-00C04F79EFBC}") = "APP.Business.Operation.DeviceOperation", "APP.Business.Operation.DeviceOperation\APP.Business.Operation.DeviceOperation.csproj", "{AC0AB055-FC5A-456E-912C-DC67085502CA}"
EndProject
Project("{2150E333-8FDC-42A3-9474-1A3956D46DE8}") = "APP.Model", "APP.Model", "{F54D7518-D3B6-43D9-93B7-6314ACB6F7D9}"
EndProject
Project("{FAE04EC0-301F-11D3-BF4B-00C04F79EFBC}") = "APP.Model.WebModel", "APP.Model.WebModel\APP.Model.WebModel.csproj", "{22BB7F05-418B-483E-838C-65FB900B3BB5}"
EndProject
Project("{2150E333-8FDC-42A3-9474-1A3956D46DE8}") = "CF.Exception", "CF.Exception", "{6996A15F-5275-4ACA-A934-543987BA63F7}"
EndProject
Project("{FAE04EC0-301F-11D3-BF4B-00C04F79EFBC}") = "CF.Exception.Infrastructure", "CF.Exception.Infrastructure\CF.Exception.Infrastructure.csproj", "{C81771F7-B308-4F4A-9FEE-5A22910F2A21}"
EndProject
Project("{FAE04EC0-301F-11D3-BF4B-00C04F79EFBC}") = "CF.Exception.DataException", "CF.Exception.DataException\CF.Exception.DataException.csproj", "{BF893C1B-7DD9-44CA-8268-9E6F491AFE5B}"
EndProject
Project("{FAE04EC0-301F-11D3-BF4B-00C04F79EFBC}") = "CF.Exception.BusinessException", "CF.Exception.BusinessException\CF.Exception.BusinessException.csproj", "{D783540C-9E4E-47D7-A59F-5D64D82E3A6D}"
EndProject
Project("{2150E333-8FDC-42A3-9474-1A3956D46DE8}") = "APP.Helper", "APP.Helper", "{3CCB8396-1A27-4CC3-AC30-E9C78E132DB2}"
EndProject
Project("{FAE04EC0-301F-11D3-BF4B-00C04F79EFBC}") = "APP.Helper.Constant", "APP.Helper.Constant\APP.Helper.Constant.csproj", "{8252D2DE-1352-4245-9FC6-BED3462D3CAA}"
EndProject
Project("{2150E333-8FDC-42A3-9474-1A3956D46DE8}") = "APP.UI", "APP.UI", "{A6370959-2CB1-4F60-9E12-17275AE2A4FB}"
EndProject
Project("{FAE04EC0-301F-11D3-BF4B-00C04F79EFBC}") = "APP.UI.MVCUI", "APP.UI.MVCUI\APP.UI.MVCUI.csproj", "{E00A07AC-15F9-4290-88BF-58C77C3E60B5}"
EndProject
Project("{2150E333-8FDC-42A3-9474-1A3956D46DE8}") = "CF.Cache", "CF.Cache", "{7BB48C37-C596-4229-B033-28DFF31D35E2}"
EndProject
Project("{FAE04EC0-301F-11D3-BF4B-00C04F79EFBC}") = "CF.Cache.Manager", "CF.Cache.Manager\CF.Cache.Manager.csproj", "{440738C0-0178-4F12-B550-D464B7754B35}"
EndProject
Project("{2150E333-8FDC-42A3-9474-1A3956D46DE8}") = "CF.Cache.Strategy", "CF.Cache.Strategy", "{059E3B7A-DEE9-4131-8E36-F4EF4796141E}"
EndProject
Project("{FAE04EC0-301F-11D3-BF4B-00C04F79EFBC}") = "CF.Cache.Strategy.Memory", "CF.Cache.Strategy.Memory\CF.Cache.Strategy.Memory.csproj", "{1F7AD77E-0AAB-4FA6-BC3D-B6B8D4291E17}"
EndProject
Project("{FAE04EC0-301F-11D3-BF4B-00C04F79EFBC}") = "CF.Cache.Infrastucture", "CF.Cache.Infrastucture\CF.Cache.Infrastucture.csproj", "{BA67C2AD-DFEE-48D5-83DB-EB7AF1EC2F80}"
EndProject
Project("{2150E333-8FDC-42A3-9474-1A3956D46DE8}") = "APP.Business.Operation.DevicePlugin", "APP.Business.Operation.DevicePlugin", "{80FC26B1-C833-4A08-99A1-9B195B4D8CB2}"
EndProject
Project("{FAE04EC0-301F-11D3-BF4B-00C04F79EFBC}") = "APP.Business.Operation.DevicePlugin.Infrastructure", "APP.Business.Operation.DevicePlugin.Infrastructure\APP.Business.Operation.DevicePlugin.Infrastructure.csproj", "{33FE132C-65ED-4BDE-823F-9D0D4A800F2A}"
EndProject
Project("{2150E333-8FDC-42A3-9474-1A3956D46DE8}") = "APP.Business.Operation.DevicePlugin.SDK", "APP.Business.Operation.DevicePlugin.SDK", "{0338EC05-5FF2-4A91-B314-C4C10314C590}"
EndProject
Project("{FAE04EC0-301F-11D3-BF4B-00C04F79EFBC}") = "APP.Business.Operation.DevicePlugin.SDK.DeviceSDK1", "APP.Business.Operation.DevicePlugin.SDK.DeviceSDK1\APP.Business.Operation.DevicePlugin.SDK.DeviceSDK1.csproj", "{D69E1086-24A5-4C18-8DE4-6A6896289323}"
EndProject
Project("{FAE04EC0-301F-11D3-BF4B-00C04F79EFBC}") = "APP.Business.Operation.DevicePlugin.SDK.DeviceSDK2", "APP.Business.Operation.DevicePlugin.SDK.DeviceSDK2\APP.Business.Operation.DevicePlugin.SDK.DeviceSDK2.csproj", "{5316098D-BB38-4F1C-A78B-3349D117CFA0}"
EndProject
Project("{FAE04EC0-301F-11D3-BF4B-00C04F79EFBC}") = "APP.Business.Operation.DevicePlugin.Manager", "APP.Business.Operation.DevicePlugin.Manager\APP.Business.Operation.DevicePlugin.Manager.csproj", "{DBB36BDF-4450-4694-B212-BFA5383D9DF2}"
EndProject
Project("{FAE04EC0-301F-11D3-BF4B-00C04F79EFBC}") = "APP.Model.DTO", "APP.Model.DTO\APP.Model.DTO.csproj", "{A0F8640A-A152-4CCB-849A-131DBC426C76}"
EndProject
Project("{2150E333-8FDC-42A3-9474-1A3956D46DE8}") = "CF.Log", "CF.Log", "{CCA4167C-F38B-4D4F-B53D-6927F10478B9}"
EndProject
Project("{FAE04EC0-301F-11D3-BF4B-00C04F79EFBC}") = "CF.Log.Infrastructure", "CF.Log.Infrastructure\CF.Log.Infrastructure.csproj", "{0EEBFE9D-6562-43C0-B12B-B636D29764CE}"
EndProject
Project("{2150E333-8FDC-42A3-9474-1A3956D46DE8}") = "CF.Log.Strategy", "CF.Log.Strategy", "{4239BBFD-AFE9-440B-A7A6-2E61A1AC0981}"
EndProject
Project("{FAE04EC0-301F-11D3-BF4B-00C04F79EFBC}") = "CF.Log.Strategy.DBLogStrategy", "CF.Log.Strategy.DBLogStrategy\CF.Log.Strategy.DBLogStrategy.csproj", "{F6333167-0B1C-4468-BBB9-AC95A2703895}"
EndProject
Project("{FAE04EC0-301F-11D3-BF4B-00C04F79EFBC}") = "CF.Log.Manager", "CF.Log.Manager\CF.Log.Manager.csproj", "{58EE54F8-CFD7-45C0-AEF9-FC3F58D1D758}"
EndProject
Project("{FAE04EC0-301F-11D3-BF4B-00C04F79EFBC}") = "CF.Log.Model", "CF.Log.Model\CF.Log.Model.csproj", "{9AF9BE40-F632-4C8B-B795-A618182305FA}"
EndProject
Project("{2150E333-8FDC-42A3-9474-1A3956D46DE8}") = "APP.Log", "APP.Log", "{708A0AE0-1498-4799-A030-3C7ADF6D68F6}"
EndProject
Project("{FAE04EC0-301F-11D3-BF4B-00C04F79EFBC}") = "APP.Log.Manager", "APP.Log.Manager\APP.Log.Manager.csproj", "{274DCD81-86A8-495E-83CF-8BB63DB889BB}"
EndProject
Global
	GlobalSection(SolutionConfigurationPlatforms) = preSolution
		Debug|Any CPU = Debug|Any CPU
		Release|Any CPU = Release|Any CPU
	EndGlobalSection
	GlobalSection(ProjectConfigurationPlatforms) = postSolution
		{4E61D3AF-EEC8-4BE5-ABD1-A886F2E80F6E}.Debug|Any CPU.ActiveCfg = Debug|Any CPU
		{4E61D3AF-EEC8-4BE5-ABD1-A886F2E80F6E}.Debug|Any CPU.Build.0 = Debug|Any CPU
		{4E61D3AF-EEC8-4BE5-ABD1-A886F2E80F6E}.Release|Any CPU.ActiveCfg = Release|Any CPU
		{4E61D3AF-EEC8-4BE5-ABD1-A886F2E80F6E}.Release|Any CPU.Build.0 = Release|Any CPU
		{94143719-BB9C-4073-BF19-DC7D3563BE4D}.Debug|Any CPU.ActiveCfg = Debug|Any CPU
		{94143719-BB9C-4073-BF19-DC7D3563BE4D}.Debug|Any CPU.Build.0 = Debug|Any CPU
		{94143719-BB9C-4073-BF19-DC7D3563BE4D}.Release|Any CPU.ActiveCfg = Release|Any CPU
		{94143719-BB9C-4073-BF19-DC7D3563BE4D}.Release|Any CPU.Build.0 = Release|Any CPU
		{ACA3F34C-7445-4901-A764-39A44D43019D}.Debug|Any CPU.ActiveCfg = Debug|Any CPU
		{ACA3F34C-7445-4901-A764-39A44D43019D}.Debug|Any CPU.Build.0 = Debug|Any CPU
		{ACA3F34C-7445-4901-A764-39A44D43019D}.Release|Any CPU.ActiveCfg = Release|Any CPU
		{ACA3F34C-7445-4901-A764-39A44D43019D}.Release|Any CPU.Build.0 = Release|Any CPU
		{22AF99AD-EA4E-414D-B7F4-049BA2B3B334}.Debug|Any CPU.ActiveCfg = Debug|Any CPU
		{22AF99AD-EA4E-414D-B7F4-049BA2B3B334}.Debug|Any CPU.Build.0 = Debug|Any CPU
		{22AF99AD-EA4E-414D-B7F4-049BA2B3B334}.Release|Any CPU.ActiveCfg = Release|Any CPU
		{22AF99AD-EA4E-414D-B7F4-049BA2B3B334}.Release|Any CPU.Build.0 = Release|Any CPU
		{0D4B78A9-3230-493E-982F-AE01F3865D58}.Debug|Any CPU.ActiveCfg = Debug|Any CPU
		{0D4B78A9-3230-493E-982F-AE01F3865D58}.Debug|Any CPU.Build.0 = Debug|Any CPU
		{0D4B78A9-3230-493E-982F-AE01F3865D58}.Release|Any CPU.ActiveCfg = Release|Any CPU
		{0D4B78A9-3230-493E-982F-AE01F3865D58}.Release|Any CPU.Build.0 = Release|Any CPU
		{0EC9D822-EB67-4D51-B4B6-C90F106DEBE6}.Debug|Any CPU.ActiveCfg = Debug|Any CPU
		{0EC9D822-EB67-4D51-B4B6-C90F106DEBE6}.Debug|Any CPU.Build.0 = Debug|Any CPU
		{0EC9D822-EB67-4D51-B4B6-C90F106DEBE6}.Release|Any CPU.ActiveCfg = Release|Any CPU
		{0EC9D822-EB67-4D51-B4B6-C90F106DEBE6}.Release|Any CPU.Build.0 = Release|Any CPU
		{FFA98C24-FB9D-4410-8665-B429F1E973D8}.Debug|Any CPU.ActiveCfg = Debug|Any CPU
		{FFA98C24-FB9D-4410-8665-B429F1E973D8}.Debug|Any CPU.Build.0 = Debug|Any CPU
		{FFA98C24-FB9D-4410-8665-B429F1E973D8}.Release|Any CPU.ActiveCfg = Release|Any CPU
		{FFA98C24-FB9D-4410-8665-B429F1E973D8}.Release|Any CPU.Build.0 = Release|Any CPU
		{AC0AB055-FC5A-456E-912C-DC67085502CA}.Debug|Any CPU.ActiveCfg = Debug|Any CPU
		{AC0AB055-FC5A-456E-912C-DC67085502CA}.Debug|Any CPU.Build.0 = Debug|Any CPU
		{AC0AB055-FC5A-456E-912C-DC67085502CA}.Release|Any CPU.ActiveCfg = Release|Any CPU
		{AC0AB055-FC5A-456E-912C-DC67085502CA}.Release|Any CPU.Build.0 = Release|Any CPU
		{22BB7F05-418B-483E-838C-65FB900B3BB5}.Debug|Any CPU.ActiveCfg = Debug|Any CPU
		{22BB7F05-418B-483E-838C-65FB900B3BB5}.Debug|Any CPU.Build.0 = Debug|Any CPU
		{22BB7F05-418B-483E-838C-65FB900B3BB5}.Release|Any CPU.ActiveCfg = Release|Any CPU
		{22BB7F05-418B-483E-838C-65FB900B3BB5}.Release|Any CPU.Build.0 = Release|Any CPU
		{C81771F7-B308-4F4A-9FEE-5A22910F2A21}.Debug|Any CPU.ActiveCfg = Debug|Any CPU
		{C81771F7-B308-4F4A-9FEE-5A22910F2A21}.Debug|Any CPU.Build.0 = Debug|Any CPU
		{C81771F7-B308-4F4A-9FEE-5A22910F2A21}.Release|Any CPU.ActiveCfg = Release|Any CPU
		{C81771F7-B308-4F4A-9FEE-5A22910F2A21}.Release|Any CPU.Build.0 = Release|Any CPU
		{BF893C1B-7DD9-44CA-8268-9E6F491AFE5B}.Debug|Any CPU.ActiveCfg = Debug|Any CPU
		{BF893C1B-7DD9-44CA-8268-9E6F491AFE5B}.Debug|Any CPU.Build.0 = Debug|Any CPU
		{BF893C1B-7DD9-44CA-8268-9E6F491AFE5B}.Release|Any CPU.ActiveCfg = Release|Any CPU
		{BF893C1B-7DD9-44CA-8268-9E6F491AFE5B}.Release|Any CPU.Build.0 = Release|Any CPU
		{D783540C-9E4E-47D7-A59F-5D64D82E3A6D}.Debug|Any CPU.ActiveCfg = Debug|Any CPU
		{D783540C-9E4E-47D7-A59F-5D64D82E3A6D}.Debug|Any CPU.Build.0 = Debug|Any CPU
		{D783540C-9E4E-47D7-A59F-5D64D82E3A6D}.Release|Any CPU.ActiveCfg = Release|Any CPU
		{D783540C-9E4E-47D7-A59F-5D64D82E3A6D}.Release|Any CPU.Build.0 = Release|Any CPU
		{8252D2DE-1352-4245-9FC6-BED3462D3CAA}.Debug|Any CPU.ActiveCfg = Debug|Any CPU
		{8252D2DE-1352-4245-9FC6-BED3462D3CAA}.Debug|Any CPU.Build.0 = Debug|Any CPU
		{8252D2DE-1352-4245-9FC6-BED3462D3CAA}.Release|Any CPU.ActiveCfg = Release|Any CPU
		{8252D2DE-1352-4245-9FC6-BED3462D3CAA}.Release|Any CPU.Build.0 = Release|Any CPU
		{E00A07AC-15F9-4290-88BF-58C77C3E60B5}.Debug|Any CPU.ActiveCfg = Debug|Any CPU
		{E00A07AC-15F9-4290-88BF-58C77C3E60B5}.Debug|Any CPU.Build.0 = Debug|Any CPU
		{E00A07AC-15F9-4290-88BF-58C77C3E60B5}.Release|Any CPU.ActiveCfg = Release|Any CPU
		{E00A07AC-15F9-4290-88BF-58C77C3E60B5}.Release|Any CPU.Build.0 = Release|Any CPU
		{440738C0-0178-4F12-B550-D464B7754B35}.Debug|Any CPU.ActiveCfg = Debug|Any CPU
		{440738C0-0178-4F12-B550-D464B7754B35}.Debug|Any CPU.Build.0 = Debug|Any CPU
		{440738C0-0178-4F12-B550-D464B7754B35}.Release|Any CPU.ActiveCfg = Release|Any CPU
		{440738C0-0178-4F12-B550-D464B7754B35}.Release|Any CPU.Build.0 = Release|Any CPU
		{1F7AD77E-0AAB-4FA6-BC3D-B6B8D4291E17}.Debug|Any CPU.ActiveCfg = Debug|Any CPU
		{1F7AD77E-0AAB-4FA6-BC3D-B6B8D4291E17}.Debug|Any CPU.Build.0 = Debug|Any CPU
		{1F7AD77E-0AAB-4FA6-BC3D-B6B8D4291E17}.Release|Any CPU.ActiveCfg = Release|Any CPU
		{1F7AD77E-0AAB-4FA6-BC3D-B6B8D4291E17}.Release|Any CPU.Build.0 = Release|Any CPU
		{BA67C2AD-DFEE-48D5-83DB-EB7AF1EC2F80}.Debug|Any CPU.ActiveCfg = Debug|Any CPU
		{BA67C2AD-DFEE-48D5-83DB-EB7AF1EC2F80}.Debug|Any CPU.Build.0 = Debug|Any CPU
		{BA67C2AD-DFEE-48D5-83DB-EB7AF1EC2F80}.Release|Any CPU.ActiveCfg = Release|Any CPU
		{BA67C2AD-DFEE-48D5-83DB-EB7AF1EC2F80}.Release|Any CPU.Build.0 = Release|Any CPU
		{33FE132C-65ED-4BDE-823F-9D0D4A800F2A}.Debug|Any CPU.ActiveCfg = Debug|Any CPU
		{33FE132C-65ED-4BDE-823F-9D0D4A800F2A}.Debug|Any CPU.Build.0 = Debug|Any CPU
		{33FE132C-65ED-4BDE-823F-9D0D4A800F2A}.Release|Any CPU.ActiveCfg = Release|Any CPU
		{33FE132C-65ED-4BDE-823F-9D0D4A800F2A}.Release|Any CPU.Build.0 = Release|Any CPU
		{D69E1086-24A5-4C18-8DE4-6A6896289323}.Debug|Any CPU.ActiveCfg = Debug|Any CPU
		{D69E1086-24A5-4C18-8DE4-6A6896289323}.Debug|Any CPU.Build.0 = Debug|Any CPU
		{D69E1086-24A5-4C18-8DE4-6A6896289323}.Release|Any CPU.ActiveCfg = Release|Any CPU
		{D69E1086-24A5-4C18-8DE4-6A6896289323}.Release|Any CPU.Build.0 = Release|Any CPU
		{5316098D-BB38-4F1C-A78B-3349D117CFA0}.Debug|Any CPU.ActiveCfg = Debug|Any CPU
		{5316098D-BB38-4F1C-A78B-3349D117CFA0}.Debug|Any CPU.Build.0 = Debug|Any CPU
		{5316098D-BB38-4F1C-A78B-3349D117CFA0}.Release|Any CPU.ActiveCfg = Release|Any CPU
		{5316098D-BB38-4F1C-A78B-3349D117CFA0}.Release|Any CPU.Build.0 = Release|Any CPU
		{DBB36BDF-4450-4694-B212-BFA5383D9DF2}.Debug|Any CPU.ActiveCfg = Debug|Any CPU
		{DBB36BDF-4450-4694-B212-BFA5383D9DF2}.Debug|Any CPU.Build.0 = Debug|Any CPU
		{DBB36BDF-4450-4694-B212-BFA5383D9DF2}.Release|Any CPU.ActiveCfg = Release|Any CPU
		{DBB36BDF-4450-4694-B212-BFA5383D9DF2}.Release|Any CPU.Build.0 = Release|Any CPU
		{A0F8640A-A152-4CCB-849A-131DBC426C76}.Debug|Any CPU.ActiveCfg = Debug|Any CPU
		{A0F8640A-A152-4CCB-849A-131DBC426C76}.Debug|Any CPU.Build.0 = Debug|Any CPU
		{A0F8640A-A152-4CCB-849A-131DBC426C76}.Release|Any CPU.ActiveCfg = Release|Any CPU
		{A0F8640A-A152-4CCB-849A-131DBC426C76}.Release|Any CPU.Build.0 = Release|Any CPU
		{0EEBFE9D-6562-43C0-B12B-B636D29764CE}.Debug|Any CPU.ActiveCfg = Debug|Any CPU
		{0EEBFE9D-6562-43C0-B12B-B636D29764CE}.Debug|Any CPU.Build.0 = Debug|Any CPU
		{0EEBFE9D-6562-43C0-B12B-B636D29764CE}.Release|Any CPU.ActiveCfg = Release|Any CPU
		{0EEBFE9D-6562-43C0-B12B-B636D29764CE}.Release|Any CPU.Build.0 = Release|Any CPU
		{F6333167-0B1C-4468-BBB9-AC95A2703895}.Debug|Any CPU.ActiveCfg = Debug|Any CPU
		{F6333167-0B1C-4468-BBB9-AC95A2703895}.Debug|Any CPU.Build.0 = Debug|Any CPU
		{F6333167-0B1C-4468-BBB9-AC95A2703895}.Release|Any CPU.ActiveCfg = Release|Any CPU
		{F6333167-0B1C-4468-BBB9-AC95A2703895}.Release|Any CPU.Build.0 = Release|Any CPU
		{58EE54F8-CFD7-45C0-AEF9-FC3F58D1D758}.Debug|Any CPU.ActiveCfg = Debug|Any CPU
		{58EE54F8-CFD7-45C0-AEF9-FC3F58D1D758}.Debug|Any CPU.Build.0 = Debug|Any CPU
		{58EE54F8-CFD7-45C0-AEF9-FC3F58D1D758}.Release|Any CPU.ActiveCfg = Release|Any CPU
		{58EE54F8-CFD7-45C0-AEF9-FC3F58D1D758}.Release|Any CPU.Build.0 = Release|Any CPU
		{9AF9BE40-F632-4C8B-B795-A618182305FA}.Debug|Any CPU.ActiveCfg = Debug|Any CPU
		{9AF9BE40-F632-4C8B-B795-A618182305FA}.Debug|Any CPU.Build.0 = Debug|Any CPU
		{9AF9BE40-F632-4C8B-B795-A618182305FA}.Release|Any CPU.ActiveCfg = Release|Any CPU
		{9AF9BE40-F632-4C8B-B795-A618182305FA}.Release|Any CPU.Build.0 = Release|Any CPU
		{274DCD81-86A8-495E-83CF-8BB63DB889BB}.Debug|Any CPU.ActiveCfg = Debug|Any CPU
		{274DCD81-86A8-495E-83CF-8BB63DB889BB}.Debug|Any CPU.Build.0 = Debug|Any CPU
		{274DCD81-86A8-495E-83CF-8BB63DB889BB}.Release|Any CPU.ActiveCfg = Release|Any CPU
		{274DCD81-86A8-495E-83CF-8BB63DB889BB}.Release|Any CPU.Build.0 = Release|Any CPU
	EndGlobalSection
	GlobalSection(SolutionProperties) = preSolution
		HideSolutionNode = FALSE
	EndGlobalSection
	GlobalSection(NestedProjects) = preSolution
		{58E81E4A-9413-4239-8947-9D0923D0F59F} = {F02AD4C7-0A65-4DA6-A010-5DE9297AD91C}
		{4E61D3AF-EEC8-4BE5-ABD1-A886F2E80F6E} = {58E81E4A-9413-4239-8947-9D0923D0F59F}
		{0A1DFA59-9A39-47AB-B765-17FC3F5B61BE} = {BFDF9182-BFDE-40E5-8C46-C675219E8855}
		{94143719-BB9C-4073-BF19-DC7D3563BE4D} = {0A1DFA59-9A39-47AB-B765-17FC3F5B61BE}
		{ACA3F34C-7445-4901-A764-39A44D43019D} = {0A1DFA59-9A39-47AB-B765-17FC3F5B61BE}
		{6227C585-6F88-4E9A-ABBD-C2EA349DB699} = {0A1DFA59-9A39-47AB-B765-17FC3F5B61BE}
		{22AF99AD-EA4E-414D-B7F4-049BA2B3B334} = {6227C585-6F88-4E9A-ABBD-C2EA349DB699}
		{54C9A1C1-A907-4426-B12D-7206C1BD2722} = {6227C585-6F88-4E9A-ABBD-C2EA349DB699}
		{0D4B78A9-3230-493E-982F-AE01F3865D58} = {54C9A1C1-A907-4426-B12D-7206C1BD2722}
		{0EC9D822-EB67-4D51-B4B6-C90F106DEBE6} = {BFDF9182-BFDE-40E5-8C46-C675219E8855}
		{22B217E8-04C3-4915-A8D3-50726426B499} = {BFDF9182-BFDE-40E5-8C46-C675219E8855}
		{FFA98C24-FB9D-4410-8665-B429F1E973D8} = {22B217E8-04C3-4915-A8D3-50726426B499}
		{CA96CE11-5BEB-435E-9702-45DC85122F3F} = {22B217E8-04C3-4915-A8D3-50726426B499}
		{AC0AB055-FC5A-456E-912C-DC67085502CA} = {CA96CE11-5BEB-435E-9702-45DC85122F3F}
		{F54D7518-D3B6-43D9-93B7-6314ACB6F7D9} = {BFDF9182-BFDE-40E5-8C46-C675219E8855}
		{22BB7F05-418B-483E-838C-65FB900B3BB5} = {F54D7518-D3B6-43D9-93B7-6314ACB6F7D9}
		{6996A15F-5275-4ACA-A934-543987BA63F7} = {F02AD4C7-0A65-4DA6-A010-5DE9297AD91C}
		{C81771F7-B308-4F4A-9FEE-5A22910F2A21} = {6996A15F-5275-4ACA-A934-543987BA63F7}
		{BF893C1B-7DD9-44CA-8268-9E6F491AFE5B} = {6996A15F-5275-4ACA-A934-543987BA63F7}
		{D783540C-9E4E-47D7-A59F-5D64D82E3A6D} = {6996A15F-5275-4ACA-A934-543987BA63F7}
		{3CCB8396-1A27-4CC3-AC30-E9C78E132DB2} = {BFDF9182-BFDE-40E5-8C46-C675219E8855}
		{8252D2DE-1352-4245-9FC6-BED3462D3CAA} = {3CCB8396-1A27-4CC3-AC30-E9C78E132DB2}
		{A6370959-2CB1-4F60-9E12-17275AE2A4FB} = {BFDF9182-BFDE-40E5-8C46-C675219E8855}
		{E00A07AC-15F9-4290-88BF-58C77C3E60B5} = {A6370959-2CB1-4F60-9E12-17275AE2A4FB}
		{7BB48C37-C596-4229-B033-28DFF31D35E2} = {F02AD4C7-0A65-4DA6-A010-5DE9297AD91C}
		{440738C0-0178-4F12-B550-D464B7754B35} = {7BB48C37-C596-4229-B033-28DFF31D35E2}
		{059E3B7A-DEE9-4131-8E36-F4EF4796141E} = {7BB48C37-C596-4229-B033-28DFF31D35E2}
		{1F7AD77E-0AAB-4FA6-BC3D-B6B8D4291E17} = {059E3B7A-DEE9-4131-8E36-F4EF4796141E}
		{BA67C2AD-DFEE-48D5-83DB-EB7AF1EC2F80} = {7BB48C37-C596-4229-B033-28DFF31D35E2}
		{80FC26B1-C833-4A08-99A1-9B195B4D8CB2} = {CA96CE11-5BEB-435E-9702-45DC85122F3F}
		{33FE132C-65ED-4BDE-823F-9D0D4A800F2A} = {80FC26B1-C833-4A08-99A1-9B195B4D8CB2}
		{0338EC05-5FF2-4A91-B314-C4C10314C590} = {80FC26B1-C833-4A08-99A1-9B195B4D8CB2}
		{D69E1086-24A5-4C18-8DE4-6A6896289323} = {0338EC05-5FF2-4A91-B314-C4C10314C590}
		{5316098D-BB38-4F1C-A78B-3349D117CFA0} = {0338EC05-5FF2-4A91-B314-C4C10314C590}
		{DBB36BDF-4450-4694-B212-BFA5383D9DF2} = {80FC26B1-C833-4A08-99A1-9B195B4D8CB2}
		{A0F8640A-A152-4CCB-849A-131DBC426C76} = {F54D7518-D3B6-43D9-93B7-6314ACB6F7D9}
		{CCA4167C-F38B-4D4F-B53D-6927F10478B9} = {F02AD4C7-0A65-4DA6-A010-5DE9297AD91C}
		{0EEBFE9D-6562-43C0-B12B-B636D29764CE} = {CCA4167C-F38B-4D4F-B53D-6927F10478B9}
		{4239BBFD-AFE9-440B-A7A6-2E61A1AC0981} = {CCA4167C-F38B-4D4F-B53D-6927F10478B9}
		{F6333167-0B1C-4468-BBB9-AC95A2703895} = {4239BBFD-AFE9-440B-A7A6-2E61A1AC0981}
		{58EE54F8-CFD7-45C0-AEF9-FC3F58D1D758} = {CCA4167C-F38B-4D4F-B53D-6927F10478B9}
		{9AF9BE40-F632-4C8B-B795-A618182305FA} = {CCA4167C-F38B-4D4F-B53D-6927F10478B9}
		{708A0AE0-1498-4799-A030-3C7ADF6D68F6} = {BFDF9182-BFDE-40E5-8C46-C675219E8855}
		{274DCD81-86A8-495E-83CF-8BB63DB889BB} = {708A0AE0-1498-4799-A030-3C7ADF6D68F6}
	EndGlobalSection
	GlobalSection(ExtensibilityGlobals) = postSolution
		SolutionGuid = {A6B35421-143C-4DCE-9849-756703DBADE4}
	EndGlobalSection
EndGlobal
